
Microsoft Visual Studio Solution File, Format Version 12.00
# Visual Studio 2012
Project("{FAE04EC0-301F-11D3-BF4B-00C04F79EFBC}") = "Shihai.Domain", "Shihai.Domain\Shihai.Domain.csproj", "{A1687B21-DE4A-4E6E-9772-6FD4313CA1B9}"
EndProject
Project("{FAE04EC0-301F-11D3-BF4B-00C04F79EFBC}") = "Shihai.Test", "Shihai.Test\Shihai.Test.csproj", "{6F0803AD-BF7C-458B-ADA9-397235DCABE0}"
EndProject
Project("{FAE04EC0-301F-11D3-BF4B-00C04F79EFBC}") = "Shihai.ConsoleApp", "Shihai.ConsoleApp\Shihai.ConsoleApp.csproj", "{FE7DD25C-1BE4-4236-8077-98DD9CC989DA}"
EndProject
Project("{FAE04EC0-301F-11D3-BF4B-00C04F79EFBC}") = "Shihai.WindowsApp", "Shihai.WindowsApp\Shihai.WindowsApp.csproj", "{C86158DF-4EBA-4D14-B2D5-E2263FEF5307}"
EndProject
Project("{FAE04EC0-301F-11D3-BF4B-00C04F79EFBC}") = "Shihai.Service", "Shihai.Service\Shihai.Service.csproj", "{B6486376-546A-4B15-9691-2B0BDCFB4D3A}"
EndProject
Global
	GlobalSection(TeamFoundationVersionControl) = preSolution
		SccNumberOfProjects = 6
		SccEnterpriseProvider = {4CA58AB2-18FA-4F8D-95D4-32DDF27D184C}
		SccTeamFoundationServer = https://anisan.visualstudio.com/defaultcollection
		SccLocalPath0 = .
		SccProjectUniqueName1 = Shihai.ConsoleApp\\Shihai.ConsoleApp.csproj
		SccProjectName1 = Shihai.ConsoleApp
		SccLocalPath1 = Shihai.ConsoleApp
		SccProjectUniqueName2 = Shihai.Domain\\Shihai.Domain.csproj
		SccProjectName2 = Shihai.Domain
		SccLocalPath2 = Shihai.Domain
		SccProjectUniqueName3 = Shihai.Service\\Shihai.Service.csproj
		SccProjectName3 = Shihai.Service
		SccLocalPath3 = Shihai.Service
		SccProjectUniqueName4 = Shihai.Test\\Shihai.Test.csproj
		SccProjectName4 = Shihai.Test
		SccLocalPath4 = Shihai.Test
		SccProjectUniqueName5 = Shihai.WindowsApp\\Shihai.WindowsApp.csproj
		SccProjectName5 = Shihai.WindowsApp
		SccLocalPath5 = Shihai.WindowsApp
	EndGlobalSection
	GlobalSection(SolutionConfigurationPlatforms) = preSolution
		Debug|Any CPU = Debug|Any CPU
		Release|Any CPU = Release|Any CPU
	EndGlobalSection
	GlobalSection(ProjectConfigurationPlatforms) = postSolution
		{A1687B21-DE4A-4E6E-9772-6FD4313CA1B9}.Debug|Any CPU.ActiveCfg = Debug|Any CPU
		{A1687B21-DE4A-4E6E-9772-6FD4313CA1B9}.Debug|Any CPU.Build.0 = Debug|Any CPU
		{A1687B21-DE4A-4E6E-9772-6FD4313CA1B9}.Release|Any CPU.ActiveCfg = Release|Any CPU
		{A1687B21-DE4A-4E6E-9772-6FD4313CA1B9}.Release|Any CPU.Build.0 = Release|Any CPU
		{6F0803AD-BF7C-458B-ADA9-397235DCABE0}.Debug|Any CPU.ActiveCfg = Debug|Any CPU
		{6F0803AD-BF7C-458B-ADA9-397235DCABE0}.Debug|Any CPU.Build.0 = Debug|Any CPU
		{6F0803AD-BF7C-458B-ADA9-397235DCABE0}.Release|Any CPU.ActiveCfg = Release|Any CPU
		{6F0803AD-BF7C-458B-ADA9-397235DCABE0}.Release|Any CPU.Build.0 = Release|Any CPU
		{FE7DD25C-1BE4-4236-8077-98DD9CC989DA}.Debug|Any CPU.ActiveCfg = Debug|Any CPU
		{FE7DD25C-1BE4-4236-8077-98DD9CC989DA}.Debug|Any CPU.Build.0 = Debug|Any CPU
		{FE7DD25C-1BE4-4236-8077-98DD9CC989DA}.Release|Any CPU.ActiveCfg = Release|Any CPU
		{FE7DD25C-1BE4-4236-8077-98DD9CC989DA}.Release|Any CPU.Build.0 = Release|Any CPU
		{C86158DF-4EBA-4D14-B2D5-E2263FEF5307}.Debug|Any CPU.ActiveCfg = Debug|Any CPU
		{C86158DF-4EBA-4D14-B2D5-E2263FEF5307}.Debug|Any CPU.Build.0 = Debug|Any CPU
		{C86158DF-4EBA-4D14-B2D5-E2263FEF5307}.Release|Any CPU.ActiveCfg = Release|Any CPU
		{C86158DF-4EBA-4D14-B2D5-E2263FEF5307}.Release|Any CPU.Build.0 = Release|Any CPU
		{B6486376-546A-4B15-9691-2B0BDCFB4D3A}.Debug|Any CPU.ActiveCfg = Debug|Any CPU
		{B6486376-546A-4B15-9691-2B0BDCFB4D3A}.Debug|Any CPU.Build.0 = Debug|Any CPU
		{B6486376-546A-4B15-9691-2B0BDCFB4D3A}.Release|Any CPU.ActiveCfg = Release|Any CPU
		{B6486376-546A-4B15-9691-2B0BDCFB4D3A}.Release|Any CPU.Build.0 = Release|Any CPU
	EndGlobalSection
	GlobalSection(SolutionProperties) = preSolution
		HideSolutionNode = FALSE
	EndGlobalSection
EndGlobal
